<?xml version="1.0" encoding="UTF-8"?>
<Project ToolsVersion="14.0" xmlns="http://schemas.microsoft.com/developer/msbuild/2003">
  <ItemGroup>
    <CustomBuild Include="C:\Users\mattivih\Grafiikkaohjelmointi\Lecture3\glm_vs\CMakeFiles\a8e5c7e17519a167aadbed529fc5750b\INSTALL_force.rule">
      <Filter>CMake Rules</Filter>
    </CustomBuild>
  </ItemGroup>
  <ItemGroup>
    <Filter Include="CMake Rules">
      <UniqueIdentifier>{5944E112-03A4-3C3D-AC8D-C8AF86AB8580}</UniqueIdentifier>
    </Filter>
  </ItemGroup>
</Project>
