Microsoft Visual Studio Solution File, Format Version 12.00
# Visual Studio 14
Project("{8BC9CEB8-8B4A-11D0-8D11-00A0C91BC942}") = "ALL_BUILD", "ALL_BUILD.vcxproj", "{8AD56C41-2BD9-39BF-A378-4E72D0D0DC33}"
	ProjectSection(ProjectDependencies) = postProject
		{94E22E07-03BC-3A76-806B-07A5BE625F0C} = {94E22E07-03BC-3A76-806B-07A5BE625F0C}
		{0FDFD2C0-CD12-30CE-A5B8-4A11E5BA7E1E} = {0FDFD2C0-CD12-30CE-A5B8-4A11E5BA7E1E}
		{1DCC56EC-3135-3053-9BAE-2F9352521CE7} = {1DCC56EC-3135-3053-9BAE-2F9352521CE7}
		{16526964-A370-3BFE-BFE2-BAE55F597F3B} = {16526964-A370-3BFE-BFE2-BAE55F597F3B}
		{8B6D19A7-BA58-3794-9DEE-22FB1066ABB7} = {8B6D19A7-BA58-3794-9DEE-22FB1066ABB7}
	EndProjectSection
EndProject
Project("{8BC9CEB8-8B4A-11D0-8D11-00A0C91BC942}") = "INSTALL", "INSTALL.vcxproj", "{4552D6D7-8524-31E0-BE77-1BBFECBCB6CD}"
	ProjectSection(ProjectDependencies) = postProject
		{8AD56C41-2BD9-39BF-A378-4E72D0D0DC33} = {8AD56C41-2BD9-39BF-A378-4E72D0D0DC33}
		{94E22E07-03BC-3A76-806B-07A5BE625F0C} = {94E22E07-03BC-3A76-806B-07A5BE625F0C}
	EndProjectSection
EndProject
Project("{8BC9CEB8-8B4A-11D0-8D11-00A0C91BC942}") = "ZERO_CHECK", "ZERO_CHECK.vcxproj", "{94E22E07-03BC-3A76-806B-07A5BE625F0C}"
	ProjectSection(ProjectDependencies) = postProject
	EndProjectSection
EndProject
Project("{8BC9CEB8-8B4A-11D0-8D11-00A0C91BC942}") = "glew", "glew.vcxproj", "{0FDFD2C0-CD12-30CE-A5B8-4A11E5BA7E1E}"
	ProjectSection(ProjectDependencies) = postProject
		{94E22E07-03BC-3A76-806B-07A5BE625F0C} = {94E22E07-03BC-3A76-806B-07A5BE625F0C}
	EndProjectSection
EndProject
Project("{8BC9CEB8-8B4A-11D0-8D11-00A0C91BC942}") = "glew_s", "glew_s.vcxproj", "{1DCC56EC-3135-3053-9BAE-2F9352521CE7}"
	ProjectSection(ProjectDependencies) = postProject
		{94E22E07-03BC-3A76-806B-07A5BE625F0C} = {94E22E07-03BC-3A76-806B-07A5BE625F0C}
	EndProjectSection
EndProject
Project("{8BC9CEB8-8B4A-11D0-8D11-00A0C91BC942}") = "glewinfo", "glewinfo.vcxproj", "{16526964-A370-3BFE-BFE2-BAE55F597F3B}"
	ProjectSection(ProjectDependencies) = postProject
		{94E22E07-03BC-3A76-806B-07A5BE625F0C} = {94E22E07-03BC-3A76-806B-07A5BE625F0C}
		{0FDFD2C0-CD12-30CE-A5B8-4A11E5BA7E1E} = {0FDFD2C0-CD12-30CE-A5B8-4A11E5BA7E1E}
	EndProjectSection
EndProject
Project("{8BC9CEB8-8B4A-11D0-8D11-00A0C91BC942}") = "uninstall", "uninstall.vcxproj", "{8D947BE7-7292-319F-B189-9CB48CEC23D7}"
	ProjectSection(ProjectDependencies) = postProject
		{94E22E07-03BC-3A76-806B-07A5BE625F0C} = {94E22E07-03BC-3A76-806B-07A5BE625F0C}
	EndProjectSection
EndProject
Project("{8BC9CEB8-8B4A-11D0-8D11-00A0C91BC942}") = "visualinfo", "visualinfo.vcxproj", "{8B6D19A7-BA58-3794-9DEE-22FB1066ABB7}"
	ProjectSection(ProjectDependencies) = postProject
		{94E22E07-03BC-3A76-806B-07A5BE625F0C} = {94E22E07-03BC-3A76-806B-07A5BE625F0C}
		{0FDFD2C0-CD12-30CE-A5B8-4A11E5BA7E1E} = {0FDFD2C0-CD12-30CE-A5B8-4A11E5BA7E1E}
	EndProjectSection
EndProject
Global
	GlobalSection(SolutionConfigurationPlatforms) = preSolution
		Debug|Win32 = Debug|Win32
		Release|Win32 = Release|Win32
		MinSizeRel|Win32 = MinSizeRel|Win32
		RelWithDebInfo|Win32 = RelWithDebInfo|Win32
	EndGlobalSection
	GlobalSection(ProjectConfigurationPlatforms) = postSolution
		{8AD56C41-2BD9-39BF-A378-4E72D0D0DC33}.Debug|Win32.ActiveCfg = Debug|Win32
		{8AD56C41-2BD9-39BF-A378-4E72D0D0DC33}.Debug|Win32.Build.0 = Debug|Win32
		{8AD56C41-2BD9-39BF-A378-4E72D0D0DC33}.Release|Win32.ActiveCfg = Release|Win32
		{8AD56C41-2BD9-39BF-A378-4E72D0D0DC33}.Release|Win32.Build.0 = Release|Win32
		{8AD56C41-2BD9-39BF-A378-4E72D0D0DC33}.MinSizeRel|Win32.ActiveCfg = MinSizeRel|Win32
		{8AD56C41-2BD9-39BF-A378-4E72D0D0DC33}.MinSizeRel|Win32.Build.0 = MinSizeRel|Win32
		{8AD56C41-2BD9-39BF-A378-4E72D0D0DC33}.RelWithDebInfo|Win32.ActiveCfg = RelWithDebInfo|Win32
		{8AD56C41-2BD9-39BF-A378-4E72D0D0DC33}.RelWithDebInfo|Win32.Build.0 = RelWithDebInfo|Win32
		{4552D6D7-8524-31E0-BE77-1BBFECBCB6CD}.Debug|Win32.ActiveCfg = Debug|Win32
		{4552D6D7-8524-31E0-BE77-1BBFECBCB6CD}.Release|Win32.ActiveCfg = Release|Win32
		{4552D6D7-8524-31E0-BE77-1BBFECBCB6CD}.MinSizeRel|Win32.ActiveCfg = MinSizeRel|Win32
		{4552D6D7-8524-31E0-BE77-1BBFECBCB6CD}.RelWithDebInfo|Win32.ActiveCfg = RelWithDebInfo|Win32
		{94E22E07-03BC-3A76-806B-07A5BE625F0C}.Debug|Win32.ActiveCfg = Debug|Win32
		{94E22E07-03BC-3A76-806B-07A5BE625F0C}.Debug|Win32.Build.0 = Debug|Win32
		{94E22E07-03BC-3A76-806B-07A5BE625F0C}.Release|Win32.ActiveCfg = Release|Win32
		{94E22E07-03BC-3A76-806B-07A5BE625F0C}.Release|Win32.Build.0 = Release|Win32
		{94E22E07-03BC-3A76-806B-07A5BE625F0C}.MinSizeRel|Win32.ActiveCfg = MinSizeRel|Win32
		{94E22E07-03BC-3A76-806B-07A5BE625F0C}.MinSizeRel|Win32.Build.0 = MinSizeRel|Win32
		{94E22E07-03BC-3A76-806B-07A5BE625F0C}.RelWithDebInfo|Win32.ActiveCfg = RelWithDebInfo|Win32
		{94E22E07-03BC-3A76-806B-07A5BE625F0C}.RelWithDebInfo|Win32.Build.0 = RelWithDebInfo|Win32
		{0FDFD2C0-CD12-30CE-A5B8-4A11E5BA7E1E}.Debug|Win32.ActiveCfg = Debug|Win32
		{0FDFD2C0-CD12-30CE-A5B8-4A11E5BA7E1E}.Debug|Win32.Build.0 = Debug|Win32
		{0FDFD2C0-CD12-30CE-A5B8-4A11E5BA7E1E}.Release|Win32.ActiveCfg = Release|Win32
		{0FDFD2C0-CD12-30CE-A5B8-4A11E5BA7E1E}.Release|Win32.Build.0 = Release|Win32
		{0FDFD2C0-CD12-30CE-A5B8-4A11E5BA7E1E}.MinSizeRel|Win32.ActiveCfg = MinSizeRel|Win32
		{0FDFD2C0-CD12-30CE-A5B8-4A11E5BA7E1E}.MinSizeRel|Win32.Build.0 = MinSizeRel|Win32
		{0FDFD2C0-CD12-30CE-A5B8-4A11E5BA7E1E}.RelWithDebInfo|Win32.ActiveCfg = RelWithDebInfo|Win32
		{0FDFD2C0-CD12-30CE-A5B8-4A11E5BA7E1E}.RelWithDebInfo|Win32.Build.0 = RelWithDebInfo|Win32
		{1DCC56EC-3135-3053-9BAE-2F9352521CE7}.Debug|Win32.ActiveCfg = Debug|Win32
		{1DCC56EC-3135-3053-9BAE-2F9352521CE7}.Debug|Win32.Build.0 = Debug|Win32
		{1DCC56EC-3135-3053-9BAE-2F9352521CE7}.Release|Win32.ActiveCfg = Release|Win32
		{1DCC56EC-3135-3053-9BAE-2F9352521CE7}.Release|Win32.Build.0 = Release|Win32
		{1DCC56EC-3135-3053-9BAE-2F9352521CE7}.MinSizeRel|Win32.ActiveCfg = MinSizeRel|Win32
		{1DCC56EC-3135-3053-9BAE-2F9352521CE7}.MinSizeRel|Win32.Build.0 = MinSizeRel|Win32
		{1DCC56EC-3135-3053-9BAE-2F9352521CE7}.RelWithDebInfo|Win32.ActiveCfg = RelWithDebInfo|Win32
		{1DCC56EC-3135-3053-9BAE-2F9352521CE7}.RelWithDebInfo|Win32.Build.0 = RelWithDebInfo|Win32
		{16526964-A370-3BFE-BFE2-BAE55F597F3B}.Debug|Win32.ActiveCfg = Debug|Win32
		{16526964-A370-3BFE-BFE2-BAE55F597F3B}.Debug|Win32.Build.0 = Debug|Win32
		{16526964-A370-3BFE-BFE2-BAE55F597F3B}.Release|Win32.ActiveCfg = Release|Win32
		{16526964-A370-3BFE-BFE2-BAE55F597F3B}.Release|Win32.Build.0 = Release|Win32
		{16526964-A370-3BFE-BFE2-BAE55F597F3B}.MinSizeRel|Win32.ActiveCfg = MinSizeRel|Win32
		{16526964-A370-3BFE-BFE2-BAE55F597F3B}.MinSizeRel|Win32.Build.0 = MinSizeRel|Win32
		{16526964-A370-3BFE-BFE2-BAE55F597F3B}.RelWithDebInfo|Win32.ActiveCfg = RelWithDebInfo|Win32
		{16526964-A370-3BFE-BFE2-BAE55F597F3B}.RelWithDebInfo|Win32.Build.0 = RelWithDebInfo|Win32
		{8D947BE7-7292-319F-B189-9CB48CEC23D7}.Debug|Win32.ActiveCfg = Debug|Win32
		{8D947BE7-7292-319F-B189-9CB48CEC23D7}.Release|Win32.ActiveCfg = Release|Win32
		{8D947BE7-7292-319F-B189-9CB48CEC23D7}.MinSizeRel|Win32.ActiveCfg = MinSizeRel|Win32
		{8D947BE7-7292-319F-B189-9CB48CEC23D7}.RelWithDebInfo|Win32.ActiveCfg = RelWithDebInfo|Win32
		{8B6D19A7-BA58-3794-9DEE-22FB1066ABB7}.Debug|Win32.ActiveCfg = Debug|Win32
		{8B6D19A7-BA58-3794-9DEE-22FB1066ABB7}.Debug|Win32.Build.0 = Debug|Win32
		{8B6D19A7-BA58-3794-9DEE-22FB1066ABB7}.Release|Win32.ActiveCfg = Release|Win32
		{8B6D19A7-BA58-3794-9DEE-22FB1066ABB7}.Release|Win32.Build.0 = Release|Win32
		{8B6D19A7-BA58-3794-9DEE-22FB1066ABB7}.MinSizeRel|Win32.ActiveCfg = MinSizeRel|Win32
		{8B6D19A7-BA58-3794-9DEE-22FB1066ABB7}.MinSizeRel|Win32.Build.0 = MinSizeRel|Win32
		{8B6D19A7-BA58-3794-9DEE-22FB1066ABB7}.RelWithDebInfo|Win32.ActiveCfg = RelWithDebInfo|Win32
		{8B6D19A7-BA58-3794-9DEE-22FB1066ABB7}.RelWithDebInfo|Win32.Build.0 = RelWithDebInfo|Win32
	EndGlobalSection
	GlobalSection(ExtensibilityGlobals) = postSolution
		SolutionGuid = {0A09351C-3F14-31D8-94DA-7D70A2C5DD28}
	EndGlobalSection
	GlobalSection(ExtensibilityAddIns) = postSolution
	EndGlobalSection
EndGlobal
